
Microsoft Visual Studio Solution File, Format Version 12.00
# Visual Studio 14
VisualStudioVersion = 14.0.25420.1
MinimumVisualStudioVersion = 10.0.40219.1
Project("{2150E333-8FDC-42A3-9474-1A3956D46DE8}") = "src", "src", "{0883BFD3-6A06-4EC4-9067-4912DB05B066}"
EndProject
Project("{2150E333-8FDC-42A3-9474-1A3956D46DE8}") = "Solution Items", "Solution Items", "{16F2E345-4305-4E6C-8734-485141644CC3}"
	ProjectSection(SolutionItems) = preProject
		global.json = global.json
	EndProjectSection
EndProject
Project("{8BB2217D-0F2D-49D1-97BC-3654ED321F3B}") = "MpkApi", "src\MpkApi\MpkApi.xproj", "{2BC44516-23F7-49F5-8D95-D0D7BBAD97D2}"
EndProject
Project("{2150E333-8FDC-42A3-9474-1A3956D46DE8}") = "test", "test", "{39625C19-985C-45B7-B0DE-A68781B8A554}"
EndProject
Project("{8BB2217D-0F2D-49D1-97BC-3654ED321F3B}") = "MpkApi.Test", "test\MpkApi.Test\MpkApi.Test.xproj", "{6F182ACC-A39C-4400-8E59-450FAE7B6359}"
EndProject
Global
	GlobalSection(SolutionConfigurationPlatforms) = preSolution
		Debug|Any CPU = Debug|Any CPU
		Release|Any CPU = Release|Any CPU
	EndGlobalSection
	GlobalSection(ProjectConfigurationPlatforms) = postSolution
		{2BC44516-23F7-49F5-8D95-D0D7BBAD97D2}.Debug|Any CPU.ActiveCfg = Debug|Any CPU
		{2BC44516-23F7-49F5-8D95-D0D7BBAD97D2}.Debug|Any CPU.Build.0 = Debug|Any CPU
		{2BC44516-23F7-49F5-8D95-D0D7BBAD97D2}.Release|Any CPU.ActiveCfg = Release|Any CPU
		{2BC44516-23F7-49F5-8D95-D0D7BBAD97D2}.Release|Any CPU.Build.0 = Release|Any CPU
		{6F182ACC-A39C-4400-8E59-450FAE7B6359}.Debug|Any CPU.ActiveCfg = Debug|Any CPU
		{6F182ACC-A39C-4400-8E59-450FAE7B6359}.Debug|Any CPU.Build.0 = Debug|Any CPU
		{6F182ACC-A39C-4400-8E59-450FAE7B6359}.Release|Any CPU.ActiveCfg = Release|Any CPU
		{6F182ACC-A39C-4400-8E59-450FAE7B6359}.Release|Any CPU.Build.0 = Release|Any CPU
	EndGlobalSection
	GlobalSection(SolutionProperties) = preSolution
		HideSolutionNode = FALSE
	EndGlobalSection
	GlobalSection(NestedProjects) = preSolution
		{2BC44516-23F7-49F5-8D95-D0D7BBAD97D2} = {0883BFD3-6A06-4EC4-9067-4912DB05B066}
		{6F182ACC-A39C-4400-8E59-450FAE7B6359} = {39625C19-985C-45B7-B0DE-A68781B8A554}
	EndGlobalSection
EndGlobal
